# THIS IS AN AUTOGENERATED FILE. DO NOT EDIT THIS FILE DIRECTLY.
# yarn lockfile v1


authenticator-cli@^1.0.2:
  version "1.0.2"
  resolved "https://registry.yarnpkg.com/authenticator-cli/-/authenticator-cli-1.0.2.tgz#c6d3373e47d275c8db14056459d448abf1eb3add"
  dependencies:
    authenticator "^1.1.0"
    cli "^0.11.1"
    qrcode-terminal "^0.10.0"

authenticator@^1.1.0, authenticator@^1.1.2:
  version "1.1.2"
  resolved "https://registry.yarnpkg.com/authenticator/-/authenticator-1.1.2.tgz#ce456ada913a4bba09e4796f4913414bcd6ee34c"
  dependencies:
    authenticator-cli "^1.0.2"
    notp "^2.0.3"
    thirty-two "0.0.2"

balanced-match@^0.4.1:
  version "0.4.2"
  resolved "https://registry.yarnpkg.com/balanced-match/-/balanced-match-0.4.2.tgz#cb3f3e3c732dc0f01ee70b403f302e61d7709838"

bitbar@^0.3.0:
  version "0.3.0"
  resolved "https://registry.yarnpkg.com/bitbar/-/bitbar-0.3.0.tgz#1c3f98365effdf88918e82e2e42336085138bc72"

brace-expansion@^1.0.0:
  version "1.1.6"
  resolved "https://registry.yarnpkg.com/brace-expansion/-/brace-expansion-1.1.6.tgz#7197d7eaa9b87e648390ea61fc66c84427420df9"
  dependencies:
    balanced-match "^0.4.1"
    concat-map "0.0.1"

cli@^0.11.1:
  version "0.11.3"
  resolved "https://registry.yarnpkg.com/cli/-/cli-0.11.3.tgz#7b0cd3de990e452925667c0dbaffdc9f7f2a9a15"
  dependencies:
    exit "0.1.2"
    glob "^7.0.5"

concat-map@0.0.1:
  version "0.0.1"
  resolved "https://registry.yarnpkg.com/concat-map/-/concat-map-0.0.1.tgz#d8a96bd77fd68df7793a73036a3ba0d5405d477b"

copy-paste@^1.3.0:
  version "1.3.0"
  resolved "https://registry.yarnpkg.com/copy-paste/-/copy-paste-1.3.0.tgz#a7e6c4a1c28fdedf2b081e72b97df2ef95f471ed"
  dependencies:
    iconv-lite "^0.4.8"
  optionalDependencies:
    sync-exec "~0.6.x"

debug@0.7.4:
  version "0.7.4"
  resolved "https://registry.yarnpkg.com/debug/-/debug-0.7.4.tgz#06e1ea8082c2cb14e39806e22e2f6f757f92af39"

deep-is@0.1.2:
  version "0.1.2"
  resolved "https://registry.yarnpkg.com/deep-is/-/deep-is-0.1.2.tgz#9ced65ea0bc0b09f42a6d79c1b1903f9d913cc18"

exit@0.1.2:
  version "0.1.2"
  resolved "https://registry.yarnpkg.com/exit/-/exit-0.1.2.tgz#0632638f8d877cc82107d30a0fff1a17cba1cd0c"

fs.realpath@^1.0.0:
  version "1.0.0"
  resolved "https://registry.yarnpkg.com/fs.realpath/-/fs.realpath-1.0.0.tgz#1504ad2523158caa40db4a2787cb01411994ea4f"

glob@^7.0.5:
  version "7.1.1"
  resolved "https://registry.yarnpkg.com/glob/-/glob-7.1.1.tgz#805211df04faaf1c63a3600306cdf5ade50b2ec8"
  dependencies:
    fs.realpath "^1.0.0"
    inflight "^1.0.4"
    inherits "2"
    minimatch "^3.0.2"
    once "^1.3.0"
    path-is-absolute "^1.0.0"

graceful-fs@^4.1.3:
  version "4.1.11"
  resolved "https://registry.yarnpkg.com/graceful-fs/-/graceful-fs-4.1.11.tgz#0e8bdfe4d1ddb8854d64e04ea7c00e2a026e5658"

iconv-lite@^0.4.8:
  version "0.4.15"
  resolved "https://registry.yarnpkg.com/iconv-lite/-/iconv-lite-0.4.15.tgz#fe265a218ac6a57cfe854927e9d04c19825eddeb"

inflight@^1.0.4:
  version "1.0.6"
  resolved "https://registry.yarnpkg.com/inflight/-/inflight-1.0.6.tgz#49bd6331d7d02d0c09bc910a1075ba8165b56df9"
  dependencies:
    once "^1.3.0"
    wrappy "1"

inherits@2:
  version "2.0.3"
  resolved "https://registry.yarnpkg.com/inherits/-/inherits-2.0.3.tgz#633c2c83e3da42a502f52466022480f4208261de"

is-promise@^2.1.0:
  version "2.1.0"
  resolved "https://registry.yarnpkg.com/is-promise/-/is-promise-2.1.0.tgz#79a2a9ece7f096e80f36d2b2f3bc16c1ff4bf3fa"

is2@0.0.9:
  version "0.0.9"
  resolved "https://registry.yarnpkg.com/is2/-/is2-0.0.9.tgz#119556d1d1651a41ba105af803267c80b299f629"
  dependencies:
    deep-is "0.1.2"

jju@^1.1.0:
  version "1.3.0"
  resolved "https://registry.yarnpkg.com/jju/-/jju-1.3.0.tgz#dadd9ef01924bc728b03f2f7979bdbd62f7a2aaa"

json-parse-helpfulerror@^1.0.3:
  version "1.0.3"
  resolved "https://registry.yarnpkg.com/json-parse-helpfulerror/-/json-parse-helpfulerror-1.0.3.tgz#13f14ce02eed4e981297b64eb9e3b932e2dd13dc"
  dependencies:
    jju "^1.1.0"

lodash@4:
  version "4.17.4"
  resolved "https://registry.yarnpkg.com/lodash/-/lodash-4.17.4.tgz#78203a4d1c328ae1d86dca6460e369b57f4055ae"

lowdb@^0.14.0:
  version "0.14.0"
  resolved "https://registry.yarnpkg.com/lowdb/-/lowdb-0.14.0.tgz#cce4e6affe867c6cd4b196b382d3359b4d39efb5"
  dependencies:
    graceful-fs "^4.1.3"
    is-promise "^2.1.0"
    json-parse-helpfulerror "^1.0.3"
    lodash "4"
    steno "^0.4.1"

minimatch@^3.0.2:
  version "3.0.3"
  resolved "https://registry.yarnpkg.com/minimatch/-/minimatch-3.0.3.tgz#2a4e4090b96b2db06a9d7df01055a62a77c9b774"
  dependencies:
    brace-expansion "^1.0.0"

notp@^2.0.3:
  version "2.0.3"
  resolved "https://registry.yarnpkg.com/notp/-/notp-2.0.3.tgz#a9fd11e25cfe1ccb39fc6689544ee4c10ef9a577"

once@^1.3.0:
  version "1.4.0"
  resolved "https://registry.yarnpkg.com/once/-/once-1.4.0.tgz#583b1aa775961d4b113ac17d9c50baef9dd76bd1"
  dependencies:
    wrappy "1"

path-is-absolute@^1.0.0:
  version "1.0.1"
  resolved "https://registry.yarnpkg.com/path-is-absolute/-/path-is-absolute-1.0.1.tgz#174b9268735534ffbc7ace6bf53a5a9e1b5c5f5f"

q@0.9.7:
  version "0.9.7"
  resolved "https://registry.yarnpkg.com/q/-/q-0.9.7.tgz#4de2e6cb3b29088c9e4cbc03bf9d42fb96ce2f75"

qrcode-terminal@^0.10.0:
  version "0.10.0"
  resolved "https://registry.yarnpkg.com/qrcode-terminal/-/qrcode-terminal-0.10.0.tgz#a76a48e2610a18f97fa3a2bd532b682acff86c53"

steno@^0.4.1:
  version "0.4.4"
  resolved "https://registry.yarnpkg.com/steno/-/steno-0.4.4.tgz#071105bdfc286e6615c0403c27e9d7b5dcb855cb"
  dependencies:
    graceful-fs "^4.1.3"

sync-exec@~0.6.x:
  version "0.6.2"
  resolved "https://registry.yarnpkg.com/sync-exec/-/sync-exec-0.6.2.tgz#717d22cc53f0ce1def5594362f3a89a2ebb91105"

tcp-port-used@^0.1.2:
  version "0.1.2"
  resolved "https://registry.yarnpkg.com/tcp-port-used/-/tcp-port-used-0.1.2.tgz#9450e8768c83b416fd4d1a6a9449eeccbf496c29"
  dependencies:
    debug "0.7.4"
    is2 "0.0.9"
    q "0.9.7"

thirty-two@0.0.2:
  version "0.0.2"
  resolved "https://registry.yarnpkg.com/thirty-two/-/thirty-two-0.0.2.tgz#4253e29d8cb058f0480267c5698c0e4927e54b6a"

uuid@^3.0.1:
  version "3.0.1"
  resolved "https://registry.yarnpkg.com/uuid/-/uuid-3.0.1.tgz#6544bba2dfda8c1cf17e629a3a305e2bb1fee6c1"

wrappy@1:
  version "1.0.2"
  resolved "https://registry.yarnpkg.com/wrappy/-/wrappy-1.0.2.tgz#b5243d8f3ec1aa35f1364605bc0d1036e30ab69f"
